<?xml version="1.0" encoding="utf-8"?>
<Project ToolsVersion="4.0" xmlns="http://schemas.microsoft.com/developer/msbuild/2003">
  <ItemGroup>
    <Filter Include="Monstera">
      <UniqueIdentifier>{2E79FAF4-1A46-5500-435F-43A82F8B8A8E}</UniqueIdentifier>
    </Filter>
    <Filter Include="Monstera\Events">
      <UniqueIdentifier>{5245A2B4-BED0-0F79-C7E1-926D33EC6B79}</UniqueIdentifier>
    </Filter>
    <Filter Include="Monstera\ImGui">
      <UniqueIdentifier>{D89830D7-C466-24DD-ADFA-940399670042}</UniqueIdentifier>
    </Filter>
    <Filter Include="Platform">
      <UniqueIdentifier>{2AC788B4-1694-E3BF-3FAD-D1672BD9184E}</UniqueIdentifier>
    </Filter>
    <Filter Include="Platform\OpenGL">
      <UniqueIdentifier>{1E7D2C1D-8A08-9AE1-9319-1DD6FF23F6E1}</UniqueIdentifier>
    </Filter>
    <Filter Include="Platform\Windows">
      <UniqueIdentifier>{64FBD71A-50F4-F66C-7926-DCF1657ED678}</UniqueIdentifier>
    </Filter>
  </ItemGroup>
  <ItemGroup>
    <ClInclude Include="src\Monstera.h" />
    <ClInclude Include="src\Monstera\Application.h">
      <Filter>Monstera</Filter>
    </ClInclude>
    <ClInclude Include="src\Monstera\Core.h">
      <Filter>Monstera</Filter>
    </ClInclude>
    <ClInclude Include="src\Monstera\EntryPoint.h">
      <Filter>Monstera</Filter>
    </ClInclude>
    <ClInclude Include="src\Monstera\Events\ApplicationEvent.h">
      <Filter>Monstera\Events</Filter>
    </ClInclude>
    <ClInclude Include="src\Monstera\Events\Event.h">
      <Filter>Monstera\Events</Filter>
    </ClInclude>
    <ClInclude Include="src\Monstera\Events\KeyEvent.h">
      <Filter>Monstera\Events</Filter>
    </ClInclude>
    <ClInclude Include="src\Monstera\Events\MouseEvent.h">
      <Filter>Monstera\Events</Filter>
    </ClInclude>
    <ClInclude Include="src\Monstera\ImGui\ImGuiLayer.h">
      <Filter>Monstera\ImGui</Filter>
    </ClInclude>
    <ClInclude Include="src\Monstera\Input.h">
      <Filter>Monstera</Filter>
    </ClInclude>
    <ClInclude Include="src\Monstera\Layer.h">
      <Filter>Monstera</Filter>
    </ClInclude>
    <ClInclude Include="src\Monstera\LayerStack.h">
      <Filter>Monstera</Filter>
    </ClInclude>
    <ClInclude Include="src\Monstera\Log.h">
      <Filter>Monstera</Filter>
    </ClInclude>
    <ClInclude Include="src\Monstera\Window.h">
      <Filter>Monstera</Filter>
    </ClInclude>
    <ClInclude Include="src\Platform\OpenGL\ImGuiOpenGL.h">
      <Filter>Platform\OpenGL</Filter>
    </ClInclude>
    <ClInclude Include="src\Platform\OpenGL\ImGuiOpenGL_loader.h">
      <Filter>Platform\OpenGL</Filter>
    </ClInclude>
    <ClInclude Include="src\Platform\Windows\WindowsInput.h">
      <Filter>Platform\Windows</Filter>
    </ClInclude>
    <ClInclude Include="src\Platform\Windows\WindowsWindow.h">
      <Filter>Platform\Windows</Filter>
    </ClInclude>
    <ClInclude Include="src\mdpch.h" />
  </ItemGroup>
  <ItemGroup>
    <ClCompile Include="src\Monstera\Application.cpp">
      <Filter>Monstera</Filter>
    </ClCompile>
    <ClCompile Include="src\Monstera\ImGui\ImGuiLayer.cpp">
      <Filter>Monstera\ImGui</Filter>
    </ClCompile>
    <ClCompile Include="src\Monstera\Layer.cpp">
      <Filter>Monstera</Filter>
    </ClCompile>
    <ClCompile Include="src\Monstera\LayerStack.cpp">
      <Filter>Monstera</Filter>
    </ClCompile>
    <ClCompile Include="src\Monstera\Log.cpp">
      <Filter>Monstera</Filter>
    </ClCompile>
    <ClCompile Include="src\Platform\OpenGL\ImGuiOpenGL.cpp">
      <Filter>Platform\OpenGL</Filter>
    </ClCompile>
    <ClCompile Include="src\Platform\Windows\WindowsInput.cpp">
      <Filter>Platform\Windows</Filter>
    </ClCompile>
    <ClCompile Include="src\Platform\Windows\WindowsWindow.cpp">
      <Filter>Platform\Windows</Filter>
    </ClCompile>
    <ClCompile Include="src\mdpch.cpp" />
  </ItemGroup>
</Project>